<Solution>
  <Project Path="Assembly-CSharp.csproj" />
  <Project Path="MerryYellow.CodeAssist.Editor.csproj" />
  <Project Path="Fusion.Unity.Editor.csproj" />
  <Project Path="Unity.AI.Navigation.Samples.csproj" />
  <Project Path="Fusion.Unity.csproj" />
  <Project Path="Assembly-CSharp-Editor.csproj" />
  <Project Path="Unity.AI.Navigation.Samples.Initialization.Editor.csproj" />
  <Project Path="Tests.csproj" />
  <Project Path="Unity.Fusion.CodeGen.csproj" />
</Solution>
